// !$*UTF8*$!
{
	archiveVersion = 1;
	classes = {
	};
	objectVersion = 46;
	objects = {

/* Begin PBXBuildFile section */
		78048CBB1A66E04A00435241 /* RoomViewController.swift in Sources */ = {isa = PBXBuildFile; fileRef = 78048CBA1A66E04A00435241 /* RoomViewController.swift */; };
		781EBAD51A5F7461009A7AA5 /* AboutViewController.swift in Sources */ = {isa = PBXBuildFile; fileRef = 781EBAD41A5F7461009A7AA5 /* AboutViewController.swift */; };
		781EBAD81A5F74D0009A7AA5 /* about.html in Resources */ = {isa = PBXBuildFile; fileRef = 781EBAD71A5F74D0009A7AA5 /* about.html */; };
		781EBADA1A5F754A009A7AA5 /* affinia-liaison-floorplan.jpg in Resources */ = {isa = PBXBuildFile; fileRef = 781EBAD91A5F754A009A7AA5 /* affinia-liaison-floorplan.jpg */; };
		783A17D61A6540B600EE7E88 /* ScheduleViewController.swift in Sources */ = {isa = PBXBuildFile; fileRef = 783A17D51A6540B600EE7E88 /* ScheduleViewController.swift */; };
		7848A62C1A41F776003F8373 /* Config.swift in Sources */ = {isa = PBXBuildFile; fileRef = 7848A62B1A41F776003F8373 /* Config.swift */; };
		78B7A9D41A3E9876002AAF7F /* AppDelegate.swift in Sources */ = {isa = PBXBuildFile; fileRef = 78B7A9D31A3E9876002AAF7F /* AppDelegate.swift */; };
		78B7A9D71A3E9876002AAF7F /* RWDevCon.xcdatamodeld in Sources */ = {isa = PBXBuildFile; fileRef = 78B7A9D51A3E9876002AAF7F /* RWDevCon.xcdatamodeld */; };
		78B7A9DC1A3E9876002AAF7F /* Main.storyboard in Resources */ = {isa = PBXBuildFile; fileRef = 78B7A9DA1A3E9876002AAF7F /* Main.storyboard */; };
		78B7A9DE1A3E9876002AAF7F /* Images.xcassets in Resources */ = {isa = PBXBuildFile; fileRef = 78B7A9DD1A3E9876002AAF7F /* Images.xcassets */; };
		78B7A9E11A3E9876002AAF7F /* LaunchScreen.xib in Resources */ = {isa = PBXBuildFile; fileRef = 78B7A9DF1A3E9876002AAF7F /* LaunchScreen.xib */; };
		78B7AA271A4147DC002AAF7F /* CoreDataStack.swift in Sources */ = {isa = PBXBuildFile; fileRef = 78B7AA261A4147DC002AAF7F /* CoreDataStack.swift */; };
		78B7AA291A414A94002AAF7F /* Track.swift in Sources */ = {isa = PBXBuildFile; fileRef = 78B7AA281A414A94002AAF7F /* Track.swift */; };
		78B7AA2B1A414A94002AAF7F /* Room.swift in Sources */ = {isa = PBXBuildFile; fileRef = 78B7AA2A1A414A94002AAF7F /* Room.swift */; };
		78B7AA2D1A414E57002AAF7F /* Session.swift in Sources */ = {isa = PBXBuildFile; fileRef = 78B7AA2C1A414E57002AAF7F /* Session.swift */; };
		78B7AA2F1A414E58002AAF7F /* Person.swift in Sources */ = {isa = PBXBuildFile; fileRef = 78B7AA2E1A414E58002AAF7F /* Person.swift */; };
		78B7AA341A415877002AAF7F /* SessionViewController.swift in Sources */ = {isa = PBXBuildFile; fileRef = 78B7AA331A415877002AAF7F /* SessionViewController.swift */; };
		78B7AA361A415C96002AAF7F /* PresenterTableViewCell.swift in Sources */ = {isa = PBXBuildFile; fileRef = 78B7AA351A415C96002AAF7F /* PresenterTableViewCell.swift */; };
		78CBC28B1A6537F200FC839A /* ScheduleTableViewController.swift in Sources */ = {isa = PBXBuildFile; fileRef = 78CBC28A1A6537F200FC839A /* ScheduleTableViewController.swift */; };
		78CBC28D1A653A3F00FC839A /* ScheduleTableViewCell.swift in Sources */ = {isa = PBXBuildFile; fileRef = 78CBC28C1A653A3F00FC839A /* ScheduleTableViewCell.swift */; };
		78F256781A4162DA0040AC63 /* DetailTableViewCell.swift in Sources */ = {isa = PBXBuildFile; fileRef = 78F256771A4162DA0040AC63 /* DetailTableViewCell.swift */; };
		78F2567A1A4167F40040AC63 /* LabelTableViewCell.swift in Sources */ = {isa = PBXBuildFile; fileRef = 78F256791A4167F40040AC63 /* LabelTableViewCell.swift */; };
		78F256841A416BB20040AC63 /* ScheduleDataSource.swift in Sources */ = {isa = PBXBuildFile; fileRef = 78F256801A416BB20040AC63 /* ScheduleDataSource.swift */; };
		7B5C7FBF1C4D33CE00A052F5 /* Speakers.xcassets in Resources */ = {isa = PBXBuildFile; fileRef = 7B5C7FBE1C4D33CE00A052F5 /* Speakers.xcassets */; };
		7B6F459A1C564E150065DAEE /* Toucan.swift in Sources */ = {isa = PBXBuildFile; fileRef = 7B6F45991C564E150065DAEE /* Toucan.swift */; };
		7B992F2D1C29778F009BF3C2 /* RWDevCon2016.plist in Resources */ = {isa = PBXBuildFile; fileRef = 7B992F2C1C29778F009BF3C2 /* RWDevCon2016.plist */; };
		7BBE333C1C3EA967000C7B04 /* WatchDataSource.swift in Sources */ = {isa = PBXBuildFile; fileRef = 7BBE333B1C3EA967000C7B04 /* WatchDataSource.swift */; };
		831B32EF1E56C9D800A6D59A /* Operators.swift in Sources */ = {isa = PBXBuildFile; fileRef = 831B32EE1E56C9D800A6D59A /* Operators.swift */; };
		831B32F61E56C9E400A6D59A /* Decoder.swift in Sources */ = {isa = PBXBuildFile; fileRef = 831B32F01E56C9E400A6D59A /* Decoder.swift */; };
		831B32F71E56C9E400A6D59A /* Encoder.swift in Sources */ = {isa = PBXBuildFile; fileRef = 831B32F11E56C9E400A6D59A /* Encoder.swift */; };
		831B32F81E56C9E400A6D59A /* ExtensionArray.swift in Sources */ = {isa = PBXBuildFile; fileRef = 831B32F21E56C9E400A6D59A /* ExtensionArray.swift */; };
		831B32F91E56C9E400A6D59A /* ExtensionDecodable.swift in Sources */ = {isa = PBXBuildFile; fileRef = 831B32F31E56C9E400A6D59A /* ExtensionDecodable.swift */; };
		831B32FA1E56C9E400A6D59A /* ExtensionDictionary.swift in Sources */ = {isa = PBXBuildFile; fileRef = 831B32F41E56C9E400A6D59A /* ExtensionDictionary.swift */; };
		831B32FB1E56C9E400A6D59A /* Gloss.swift in Sources */ = {isa = PBXBuildFile; fileRef = 831B32F51E56C9E400A6D59A /* Gloss.swift */; };
		831B33041E56CF5800A6D59A /* RWDevCon2017.plist in Resources */ = {isa = PBXBuildFile; fileRef = 831B33031E56CF5800A6D59A /* RWDevCon2017.plist */; };
		833F7EB11E842D7000B256E4 /* RWDevcon_Map_2017_v1.3.pdf in Resources */ = {isa = PBXBuildFile; fileRef = 833F7EB01E842D7000B256E4 /* RWDevcon_Map_2017_v1.3.pdf */; };
		833F7EB31E842EDD00B256E4 /* GeneralMapViewController.swift in Sources */ = {isa = PBXBuildFile; fileRef = 833F7EB21E842EDD00B256E4 /* GeneralMapViewController.swift */; };
/* End PBXBuildFile section */

/* Begin PBXCopyFilesBuildPhase section */
		783F5A261A490E1B00199736 /* Embed App Extensions */ = {
			isa = PBXCopyFilesBuildPhase;
			buildActionMask = 2147483647;
			dstPath = "";
			dstSubfolderSpec = 13;
			files = (
			);
			name = "Embed App Extensions";
			runOnlyForDeploymentPostprocessing = 0;
		};
		7B7B886F1C3EA37100102F5E /* Embed Watch Content */ = {
			isa = PBXCopyFilesBuildPhase;
			buildActionMask = 2147483647;
			dstPath = "$(CONTENTS_FOLDER_PATH)/Watch";
			dstSubfolderSpec = 16;
			files = (
			);
			name = "Embed Watch Content";
			runOnlyForDeploymentPostprocessing = 0;
		};
/* End PBXCopyFilesBuildPhase section */

/* Begin PBXFileReference section */
		78048CBA1A66E04A00435241 /* RoomViewController.swift */ = {isa = PBXFileReference; fileEncoding = 4; lastKnownFileType = sourcecode.swift; path = RoomViewController.swift; sourceTree = "<group>"; };
		781EBAD41A5F7461009A7AA5 /* AboutViewController.swift */ = {isa = PBXFileReference; fileEncoding = 4; lastKnownFileType = sourcecode.swift; path = AboutViewController.swift; sourceTree = "<group>"; };
		781EBAD71A5F74D0009A7AA5 /* about.html */ = {isa = PBXFileReference; fileEncoding = 4; lastKnownFileType = text.html; path = about.html; sourceTree = "<group>"; };
		781EBAD91A5F754A009A7AA5 /* affinia-liaison-floorplan.jpg */ = {isa = PBXFileReference; lastKnownFileType = image.jpeg; path = "affinia-liaison-floorplan.jpg"; sourceTree = "<group>"; };
		783A17D51A6540B600EE7E88 /* ScheduleViewController.swift */ = {isa = PBXFileReference; fileEncoding = 4; lastKnownFileType = sourcecode.swift; path = ScheduleViewController.swift; sourceTree = "<group>"; };
		783F5A101A490DE900199736 /* RWDevCon.entitlements */ = {isa = PBXFileReference; lastKnownFileType = text.xml; path = RWDevCon.entitlements; sourceTree = "<group>"; };
		7848A62B1A41F776003F8373 /* Config.swift */ = {isa = PBXFileReference; fileEncoding = 4; lastKnownFileType = sourcecode.swift; path = Config.swift; sourceTree = "<group>"; };
		78B7A9CE1A3E9876002AAF7F /* RWDevCon.app */ = {isa = PBXFileReference; explicitFileType = wrapper.application; includeInIndex = 0; path = RWDevCon.app; sourceTree = BUILT_PRODUCTS_DIR; };
		78B7A9D21A3E9876002AAF7F /* Info.plist */ = {isa = PBXFileReference; lastKnownFileType = text.plist.xml; path = Info.plist; sourceTree = "<group>"; };
		78B7A9D31A3E9876002AAF7F /* AppDelegate.swift */ = {isa = PBXFileReference; lastKnownFileType = sourcecode.swift; path = AppDelegate.swift; sourceTree = "<group>"; };
		78B7A9D61A3E9876002AAF7F /* RWDevCon.xcdatamodel */ = {isa = PBXFileReference; lastKnownFileType = wrapper.xcdatamodel; path = RWDevCon.xcdatamodel; sourceTree = "<group>"; };
		78B7A9DB1A3E9876002AAF7F /* Base */ = {isa = PBXFileReference; lastKnownFileType = file.storyboard; name = Base; path = Base.lproj/Main.storyboard; sourceTree = "<group>"; };
		78B7A9DD1A3E9876002AAF7F /* Images.xcassets */ = {isa = PBXFileReference; lastKnownFileType = folder.assetcatalog; path = Images.xcassets; sourceTree = "<group>"; };
		78B7A9E01A3E9876002AAF7F /* Base */ = {isa = PBXFileReference; lastKnownFileType = file.xib; name = Base; path = Base.lproj/LaunchScreen.xib; sourceTree = "<group>"; };
		78B7AA261A4147DC002AAF7F /* CoreDataStack.swift */ = {isa = PBXFileReference; fileEncoding = 4; lastKnownFileType = sourcecode.swift; path = CoreDataStack.swift; sourceTree = "<group>"; };
		78B7AA281A414A94002AAF7F /* Track.swift */ = {isa = PBXFileReference; fileEncoding = 4; lastKnownFileType = sourcecode.swift; path = Track.swift; sourceTree = "<group>"; };
		78B7AA2A1A414A94002AAF7F /* Room.swift */ = {isa = PBXFileReference; fileEncoding = 4; lastKnownFileType = sourcecode.swift; path = Room.swift; sourceTree = "<group>"; };
		78B7AA2C1A414E57002AAF7F /* Session.swift */ = {isa = PBXFileReference; fileEncoding = 4; lastKnownFileType = sourcecode.swift; path = Session.swift; sourceTree = "<group>"; };
		78B7AA2E1A414E58002AAF7F /* Person.swift */ = {isa = PBXFileReference; fileEncoding = 4; lastKnownFileType = sourcecode.swift; path = Person.swift; sourceTree = "<group>"; };
		78B7AA331A415877002AAF7F /* SessionViewController.swift */ = {isa = PBXFileReference; fileEncoding = 4; lastKnownFileType = sourcecode.swift; path = SessionViewController.swift; sourceTree = "<group>"; };
		78B7AA351A415C96002AAF7F /* PresenterTableViewCell.swift */ = {isa = PBXFileReference; fileEncoding = 4; lastKnownFileType = sourcecode.swift; path = PresenterTableViewCell.swift; sourceTree = "<group>"; };
		78CBC28A1A6537F200FC839A /* ScheduleTableViewController.swift */ = {isa = PBXFileReference; fileEncoding = 4; lastKnownFileType = sourcecode.swift; path = ScheduleTableViewController.swift; sourceTree = "<group>"; };
		78CBC28C1A653A3F00FC839A /* ScheduleTableViewCell.swift */ = {isa = PBXFileReference; fileEncoding = 4; lastKnownFileType = sourcecode.swift; path = ScheduleTableViewCell.swift; sourceTree = "<group>"; };
		78F256771A4162DA0040AC63 /* DetailTableViewCell.swift */ = {isa = PBXFileReference; fileEncoding = 4; lastKnownFileType = sourcecode.swift; path = DetailTableViewCell.swift; sourceTree = "<group>"; };
		78F256791A4167F40040AC63 /* LabelTableViewCell.swift */ = {isa = PBXFileReference; fileEncoding = 4; lastKnownFileType = sourcecode.swift; path = LabelTableViewCell.swift; sourceTree = "<group>"; };
		78F256801A416BB20040AC63 /* ScheduleDataSource.swift */ = {isa = PBXFileReference; fileEncoding = 4; lastKnownFileType = sourcecode.swift; path = ScheduleDataSource.swift; sourceTree = "<group>"; };
		7B020A211C44479B007F67E0 /* MenuInterfaceController.swift */ = {isa = PBXFileReference; fileEncoding = 4; lastKnownFileType = sourcecode.swift; path = MenuInterfaceController.swift; sourceTree = "<group>"; };
		7B020A231C444ABE007F67E0 /* ScheduleInterfaceController.swift */ = {isa = PBXFileReference; fileEncoding = 4; lastKnownFileType = sourcecode.swift; path = ScheduleInterfaceController.swift; sourceTree = "<group>"; };
		7B020A251C44547C007F67E0 /* SessionRowController.swift */ = {isa = PBXFileReference; fileEncoding = 4; lastKnownFileType = sourcecode.swift; path = SessionRowController.swift; sourceTree = "<group>"; };
		7B020A271C4457B8007F67E0 /* SessionInterfaceController.swift */ = {isa = PBXFileReference; fileEncoding = 4; lastKnownFileType = sourcecode.swift; path = SessionInterfaceController.swift; sourceTree = "<group>"; };
		7B5C7FBE1C4D33CE00A052F5 /* Speakers.xcassets */ = {isa = PBXFileReference; lastKnownFileType = folder.assetcatalog; path = Speakers.xcassets; sourceTree = "<group>"; };
		7B5C7FC11C4D4B5E00A052F5 /* Avatar.swift */ = {isa = PBXFileReference; fileEncoding = 4; lastKnownFileType = sourcecode.swift; path = Avatar.swift; sourceTree = "<group>"; };
		7B6F45991C564E150065DAEE /* Toucan.swift */ = {isa = PBXFileReference; fileEncoding = 4; lastKnownFileType = sourcecode.swift; name = Toucan.swift; path = Shared/Toucan/Source/Toucan.swift; sourceTree = "<group>"; };
		7B6F459D1C5652B10065DAEE /* EmptyRowController.swift */ = {isa = PBXFileReference; fileEncoding = 4; lastKnownFileType = sourcecode.swift; path = EmptyRowController.swift; sourceTree = "<group>"; };
		7B7B88501C3EA37100102F5E /* Base */ = {isa = PBXFileReference; lastKnownFileType = file.storyboard; name = Base; path = Base.lproj/Interface.storyboard; sourceTree = "<group>"; };
		7B7B88521C3EA37100102F5E /* Assets.xcassets */ = {isa = PBXFileReference; lastKnownFileType = folder.assetcatalog; path = Assets.xcassets; sourceTree = "<group>"; };
		7B7B88541C3EA37100102F5E /* Info.plist */ = {isa = PBXFileReference; lastKnownFileType = text.plist.xml; path = Info.plist; sourceTree = "<group>"; };
		7B7B88601C3EA37100102F5E /* ExtensionDelegate.swift */ = {isa = PBXFileReference; lastKnownFileType = sourcecode.swift; path = ExtensionDelegate.swift; sourceTree = "<group>"; };
		7B7B88621C3EA37100102F5E /* Assets.xcassets */ = {isa = PBXFileReference; lastKnownFileType = folder.assetcatalog; path = Assets.xcassets; sourceTree = "<group>"; };
		7B7B88641C3EA37100102F5E /* Info.plist */ = {isa = PBXFileReference; lastKnownFileType = text.plist.xml; path = Info.plist; sourceTree = "<group>"; };
		7B992F2C1C29778F009BF3C2 /* RWDevCon2016.plist */ = {isa = PBXFileReference; fileEncoding = 4; lastKnownFileType = text.plist.xml; name = RWDevCon2016.plist; path = RWDevCon/RWDevCon2016.plist; sourceTree = "<group>"; };
		7BBE333B1C3EA967000C7B04 /* WatchDataSource.swift */ = {isa = PBXFileReference; fileEncoding = 4; lastKnownFileType = sourcecode.swift; path = WatchDataSource.swift; sourceTree = "<group>"; };
		7BBE333D1C3EC11E000C7B04 /* Proxy.swift */ = {isa = PBXFileReference; fileEncoding = 4; indentWidth = 2; lastKnownFileType = sourcecode.swift; path = Proxy.swift; sourceTree = "<group>"; tabWidth = 2; };
		7BBE33441C3EC30C000C7B04 /* Session.swift */ = {isa = PBXFileReference; fileEncoding = 4; lastKnownFileType = sourcecode.swift; path = Session.swift; sourceTree = "<group>"; };
		7BBE33461C3EC318000C7B04 /* Person.swift */ = {isa = PBXFileReference; fileEncoding = 4; lastKnownFileType = sourcecode.swift; path = Person.swift; sourceTree = "<group>"; };
		831B32EE1E56C9D800A6D59A /* Operators.swift */ = {isa = PBXFileReference; fileEncoding = 4; lastKnownFileType = sourcecode.swift; name = Operators.swift; path = Shared/Gloss/Sources/Operators.swift; sourceTree = SOURCE_ROOT; };
		831B32F01E56C9E400A6D59A /* Decoder.swift */ = {isa = PBXFileReference; fileEncoding = 4; lastKnownFileType = sourcecode.swift; name = Decoder.swift; path = Shared/Gloss/Sources/Decoder.swift; sourceTree = SOURCE_ROOT; };
		831B32F11E56C9E400A6D59A /* Encoder.swift */ = {isa = PBXFileReference; fileEncoding = 4; lastKnownFileType = sourcecode.swift; name = Encoder.swift; path = Shared/Gloss/Sources/Encoder.swift; sourceTree = SOURCE_ROOT; };
		831B32F21E56C9E400A6D59A /* ExtensionArray.swift */ = {isa = PBXFileReference; fileEncoding = 4; lastKnownFileType = sourcecode.swift; name = ExtensionArray.swift; path = Shared/Gloss/Sources/ExtensionArray.swift; sourceTree = SOURCE_ROOT; };
		831B32F31E56C9E400A6D59A /* ExtensionDecodable.swift */ = {isa = PBXFileReference; fileEncoding = 4; lastKnownFileType = sourcecode.swift; name = ExtensionDecodable.swift; path = Shared/Gloss/Sources/ExtensionDecodable.swift; sourceTree = SOURCE_ROOT; };
		831B32F41E56C9E400A6D59A /* ExtensionDictionary.swift */ = {isa = PBXFileReference; fileEncoding = 4; lastKnownFileType = sourcecode.swift; name = ExtensionDictionary.swift; path = Shared/Gloss/Sources/ExtensionDictionary.swift; sourceTree = SOURCE_ROOT; };
		831B32F51E56C9E400A6D59A /* Gloss.swift */ = {isa = PBXFileReference; fileEncoding = 4; lastKnownFileType = sourcecode.swift; name = Gloss.swift; path = Shared/Gloss/Sources/Gloss.swift; sourceTree = SOURCE_ROOT; };
		831B33031E56CF5800A6D59A /* RWDevCon2017.plist */ = {isa = PBXFileReference; fileEncoding = 4; lastKnownFileType = text.plist.xml; name = RWDevCon2017.plist; path = RWDevCon/RWDevCon2017.plist; sourceTree = "<group>"; };
		833F7EB01E842D7000B256E4 /* RWDevcon_Map_2017_v1.3.pdf */ = {isa = PBXFileReference; lastKnownFileType = image.pdf; path = RWDevcon_Map_2017_v1.3.pdf; sourceTree = "<group>"; };
		833F7EB21E842EDD00B256E4 /* GeneralMapViewController.swift */ = {isa = PBXFileReference; fileEncoding = 4; lastKnownFileType = sourcecode.swift; path = GeneralMapViewController.swift; sourceTree = "<group>"; };
/* End PBXFileReference section */

/* Begin PBXFrameworksBuildPhase section */
		78B7A9CB1A3E9876002AAF7F /* Frameworks */ = {
			isa = PBXFrameworksBuildPhase;
			buildActionMask = 2147483647;
			files = (
			);
			runOnlyForDeploymentPostprocessing = 0;
		};
/* End PBXFrameworksBuildPhase section */

/* Begin PBXGroup section */
		781EBAD61A5F74C0009A7AA5 /* About */ = {
			isa = PBXGroup;
			children = (
				781EBAD41A5F7461009A7AA5 /* AboutViewController.swift */,
				781EBAD71A5F74D0009A7AA5 /* about.html */,
				781EBAD91A5F754A009A7AA5 /* affinia-liaison-floorplan.jpg */,
			);
			name = About;
			sourceTree = "<group>";
		};
		783F5A161A490E1B00199736 /* Frameworks */ = {
			isa = PBXGroup;
			children = (
			);
			name = Frameworks;
			sourceTree = "<group>";
		};
		78B7A9C51A3E9876002AAF7F = {
			isa = PBXGroup;
			children = (
				78B7A9D01A3E9876002AAF7F /* RWDevCon */,
				7BBE33341C3EA6B0000C7B04 /* Shared */,
				7B7B884E1C3EA37000102F5E /* Watch */,
				7B7B885D1C3EA37100102F5E /* Watch Extension */,
				783F5A161A490E1B00199736 /* Frameworks */,
				78B7A9CF1A3E9876002AAF7F /* Products */,
			);
			indentWidth = 2;
			sourceTree = "<group>";
			tabWidth = 2;
		};
		78B7A9CF1A3E9876002AAF7F /* Products */ = {
			isa = PBXGroup;
			children = (
				78B7A9CE1A3E9876002AAF7F /* RWDevCon.app */,
			);
			name = Products;
			sourceTree = "<group>";
		};
		78B7A9D01A3E9876002AAF7F /* RWDevCon */ = {
			isa = PBXGroup;
			children = (
				781EBAD61A5F74C0009A7AA5 /* About */,
				7B4515601C282C1200F512AA /* Assets */,
				78B7AA321A41561D002AAF7F /* Core Data */,
				7B45155D1C282BDE00F512AA /* Data */,
				7B45155F1C282BFF00F512AA /* Other */,
				78CBC2891A6537DB00FC839A /* Schedule View */,
				78F256881A416BC40040AC63 /* Session Details */,
				7B45155E1C282BED00F512AA /* Storyboards */,
				78B7A9D11A3E9876002AAF7F /* Supporting Files */,
			);
			path = RWDevCon;
			sourceTree = "<group>";
		};
		78B7A9D11A3E9876002AAF7F /* Supporting Files */ = {
			isa = PBXGroup;
			children = (
				783F5A101A490DE900199736 /* RWDevCon.entitlements */,
				78B7A9D21A3E9876002AAF7F /* Info.plist */,
			);
			name = "Supporting Files";
			sourceTree = "<group>";
		};
		78B7AA321A41561D002AAF7F /* Core Data */ = {
			isa = PBXGroup;
			children = (
				78B7AA261A4147DC002AAF7F /* CoreDataStack.swift */,
				78B7A9D51A3E9876002AAF7F /* RWDevCon.xcdatamodeld */,
				78B7AA2E1A414E58002AAF7F /* Person.swift */,
				78B7AA2C1A414E57002AAF7F /* Session.swift */,
				78B7AA2A1A414A94002AAF7F /* Room.swift */,
				78B7AA281A414A94002AAF7F /* Track.swift */,
			);
			name = "Core Data";
			sourceTree = "<group>";
		};
		78CBC2891A6537DB00FC839A /* Schedule View */ = {
			isa = PBXGroup;
			children = (
				783A17D51A6540B600EE7E88 /* ScheduleViewController.swift */,
				78CBC28A1A6537F200FC839A /* ScheduleTableViewController.swift */,
				78CBC28C1A653A3F00FC839A /* ScheduleTableViewCell.swift */,
				78F256801A416BB20040AC63 /* ScheduleDataSource.swift */,
			);
			name = "Schedule View";
			sourceTree = "<group>";
		};
		78F256881A416BC40040AC63 /* Session Details */ = {
			isa = PBXGroup;
			children = (
				78B7AA331A415877002AAF7F /* SessionViewController.swift */,
				78B7AA351A415C96002AAF7F /* PresenterTableViewCell.swift */,
				78F256771A4162DA0040AC63 /* DetailTableViewCell.swift */,
				78F256791A4167F40040AC63 /* LabelTableViewCell.swift */,
				78048CBA1A66E04A00435241 /* RoomViewController.swift */,
				833F7EB21E842EDD00B256E4 /* GeneralMapViewController.swift */,
			);
			name = "Session Details";
			sourceTree = "<group>";
		};
		7B45155D1C282BDE00F512AA /* Data */ = {
			isa = PBXGroup;
			children = (
				833F7EB01E842D7000B256E4 /* RWDevcon_Map_2017_v1.3.pdf */,
				831B33031E56CF5800A6D59A /* RWDevCon2017.plist */,
				7B992F2C1C29778F009BF3C2 /* RWDevCon2016.plist */,
			);
			name = Data;
			path = ..;
			sourceTree = "<group>";
		};
		7B45155E1C282BED00F512AA /* Storyboards */ = {
			isa = PBXGroup;
			children = (
				78B7A9DA1A3E9876002AAF7F /* Main.storyboard */,
				78B7A9DF1A3E9876002AAF7F /* LaunchScreen.xib */,
			);
			name = Storyboards;
			sourceTree = "<group>";
		};
		7B45155F1C282BFF00F512AA /* Other */ = {
			isa = PBXGroup;
			children = (
				78B7A9D31A3E9876002AAF7F /* AppDelegate.swift */,
				7848A62B1A41F776003F8373 /* Config.swift */,
				7BBE333B1C3EA967000C7B04 /* WatchDataSource.swift */,
			);
			name = Other;
			sourceTree = "<group>";
		};
		7B4515601C282C1200F512AA /* Assets */ = {
			isa = PBXGroup;
			children = (
				78B7A9DD1A3E9876002AAF7F /* Images.xcassets */,
			);
			name = Assets;
			sourceTree = "<group>";
		};
		7B6F45981C564DFE0065DAEE /* Toucan */ = {
			isa = PBXGroup;
			children = (
				7B6F45991C564E150065DAEE /* Toucan.swift */,
			);
			name = Toucan;
			sourceTree = "<group>";
		};
		7B6F459C1C5652880065DAEE /* Rows */ = {
			isa = PBXGroup;
			children = (
				7B6F459D1C5652B10065DAEE /* EmptyRowController.swift */,
				7B020A251C44547C007F67E0 /* SessionRowController.swift */,
			);
			name = Rows;
			sourceTree = "<group>";
		};
		7B7B884E1C3EA37000102F5E /* Watch */ = {
			isa = PBXGroup;
			children = (
				7B7B884F1C3EA37100102F5E /* Interface.storyboard */,
				7B7B88521C3EA37100102F5E /* Assets.xcassets */,
				7B7B88541C3EA37100102F5E /* Info.plist */,
			);
			path = Watch;
			sourceTree = "<group>";
		};
		7B7B885D1C3EA37100102F5E /* Watch Extension */ = {
			isa = PBXGroup;
			children = (
				7BBE33401C3EC140000C7B04 /* Assets */,
				7BBE33411C3EC151000C7B04 /* Controllers */,
				7BBE333F1C3EC126000C7B04 /* Models */,
				7BBE33421C3EC15F000C7B04 /* Other */,
			);
			path = "Watch Extension";
			sourceTree = "<group>";
		};
		7BBE33261C3EA6AC000C7B04 /* Gloss */ = {
			isa = PBXGroup;
			children = (
				831B32F01E56C9E400A6D59A /* Decoder.swift */,
				831B32F11E56C9E400A6D59A /* Encoder.swift */,
				831B32F21E56C9E400A6D59A /* ExtensionArray.swift */,
				831B32F31E56C9E400A6D59A /* ExtensionDecodable.swift */,
				831B32F41E56C9E400A6D59A /* ExtensionDictionary.swift */,
				831B32F51E56C9E400A6D59A /* Gloss.swift */,
				831B32EE1E56C9D800A6D59A /* Operators.swift */,
			);
			name = Gloss;
			path = Shared/Gloss/Sources/Gloss;
			sourceTree = "<group>";
		};
		7BBE33341C3EA6B0000C7B04 /* Shared */ = {
			isa = PBXGroup;
			children = (
				7BBE33261C3EA6AC000C7B04 /* Gloss */,
				7B6F45981C564DFE0065DAEE /* Toucan */,
				7B5C7FBE1C4D33CE00A052F5 /* Speakers.xcassets */,
			);
			name = Shared;
			sourceTree = "<group>";
		};
		7BBE333F1C3EC126000C7B04 /* Models */ = {
			isa = PBXGroup;
			children = (
				7B5C7FC11C4D4B5E00A052F5 /* Avatar.swift */,
				7BBE33461C3EC318000C7B04 /* Person.swift */,
				7BBE333D1C3EC11E000C7B04 /* Proxy.swift */,
				7BBE33441C3EC30C000C7B04 /* Session.swift */,
			);
			name = Models;
			sourceTree = "<group>";
		};
		7BBE33401C3EC140000C7B04 /* Assets */ = {
			isa = PBXGroup;
			children = (
				7B7B88621C3EA37100102F5E /* Assets.xcassets */,
			);
			name = Assets;
			sourceTree = "<group>";
		};
		7BBE33411C3EC151000C7B04 /* Controllers */ = {
			isa = PBXGroup;
			children = (
				7B6F459C1C5652880065DAEE /* Rows */,
				7B020A211C44479B007F67E0 /* MenuInterfaceController.swift */,
				7B020A231C444ABE007F67E0 /* ScheduleInterfaceController.swift */,
				7B020A271C4457B8007F67E0 /* SessionInterfaceController.swift */,
			);
			name = Controllers;
			sourceTree = "<group>";
		};
		7BBE33421C3EC15F000C7B04 /* Other */ = {
			isa = PBXGroup;
			children = (
				7B7B88601C3EA37100102F5E /* ExtensionDelegate.swift */,
				7B7B88641C3EA37100102F5E /* Info.plist */,
			);
			name = Other;
			sourceTree = "<group>";
		};
/* End PBXGroup section */

/* Begin PBXNativeTarget section */
		78B7A9CD1A3E9876002AAF7F /* RWDevCon */ = {
			isa = PBXNativeTarget;
			buildConfigurationList = 78B7A9F01A3E9876002AAF7F /* Build configuration list for PBXNativeTarget "RWDevCon" */;
			buildPhases = (
				78B7A9CA1A3E9876002AAF7F /* Sources */,
				78B7A9CB1A3E9876002AAF7F /* Frameworks */,
				78B7A9CC1A3E9876002AAF7F /* Resources */,
				783F5A261A490E1B00199736 /* Embed App Extensions */,
				7B7B886F1C3EA37100102F5E /* Embed Watch Content */,
			);
			buildRules = (
			);
			dependencies = (
			);
			name = RWDevCon;
			productName = RWDevCon;
			productReference = 78B7A9CE1A3E9876002AAF7F /* RWDevCon.app */;
			productType = "com.apple.product-type.application";
		};
/* End PBXNativeTarget section */

/* Begin PBXProject section */
		78B7A9C61A3E9876002AAF7F /* Project object */ = {
			isa = PBXProject;
			attributes = {
				LastSwiftUpdateCheck = 0720;
				LastUpgradeCheck = 0910;
				ORGANIZATIONNAME = "Razeware LLC";
				TargetAttributes = {
					78B7A9CD1A3E9876002AAF7F = {
						CreatedOnToolsVersion = 6.1.1;
						LastSwiftMigration = 0910;
						SystemCapabilities = {
							com.apple.ApplicationGroups.iOS = {
								enabled = 0;
							};
						};
					};
				};
			};
			buildConfigurationList = 78B7A9C91A3E9876002AAF7F /* Build configuration list for PBXProject "RWDevCon" */;
			compatibilityVersion = "Xcode 3.2";
			developmentRegion = English;
			hasScannedForEncodings = 0;
			knownRegions = (
				en,
				Base,
			);
			mainGroup = 78B7A9C51A3E9876002AAF7F;
			productRefGroup = 78B7A9CF1A3E9876002AAF7F /* Products */;
			projectDirPath = "";
			projectRoot = "";
			targets = (
				78B7A9CD1A3E9876002AAF7F /* RWDevCon */,
			);
		};
/* End PBXProject section */

/* Begin PBXResourcesBuildPhase section */
		78B7A9CC1A3E9876002AAF7F /* Resources */ = {
			isa = PBXResourcesBuildPhase;
			buildActionMask = 2147483647;
			files = (
				7B992F2D1C29778F009BF3C2 /* RWDevCon2016.plist in Resources */,
				781EBAD81A5F74D0009A7AA5 /* about.html in Resources */,
				78B7A9DC1A3E9876002AAF7F /* Main.storyboard in Resources */,
				78B7A9E11A3E9876002AAF7F /* LaunchScreen.xib in Resources */,
				7B5C7FBF1C4D33CE00A052F5 /* Speakers.xcassets in Resources */,
				833F7EB11E842D7000B256E4 /* RWDevcon_Map_2017_v1.3.pdf in Resources */,
				78B7A9DE1A3E9876002AAF7F /* Images.xcassets in Resources */,
				831B33041E56CF5800A6D59A /* RWDevCon2017.plist in Resources */,
				781EBADA1A5F754A009A7AA5 /* affinia-liaison-floorplan.jpg in Resources */,
			);
			runOnlyForDeploymentPostprocessing = 0;
		};
/* End PBXResourcesBuildPhase section */

/* Begin PBXSourcesBuildPhase section */
		78B7A9CA1A3E9876002AAF7F /* Sources */ = {
			isa = PBXSourcesBuildPhase;
			buildActionMask = 2147483647;
			files = (
				78B7AA2D1A414E57002AAF7F /* Session.swift in Sources */,
				7BBE333C1C3EA967000C7B04 /* WatchDataSource.swift in Sources */,
				831B32EF1E56C9D800A6D59A /* Operators.swift in Sources */,
				78B7AA341A415877002AAF7F /* SessionViewController.swift in Sources */,
				78CBC28D1A653A3F00FC839A /* ScheduleTableViewCell.swift in Sources */,
				831B32FA1E56C9E400A6D59A /* ExtensionDictionary.swift in Sources */,
				831B32F91E56C9E400A6D59A /* ExtensionDecodable.swift in Sources */,
				78B7AA291A414A94002AAF7F /* Track.swift in Sources */,
				7B6F459A1C564E150065DAEE /* Toucan.swift in Sources */,
				78B7AA2B1A414A94002AAF7F /* Room.swift in Sources */,
				7848A62C1A41F776003F8373 /* Config.swift in Sources */,
				78B7A9D41A3E9876002AAF7F /* AppDelegate.swift in Sources */,
				783A17D61A6540B600EE7E88 /* ScheduleViewController.swift in Sources */,
				831B32F81E56C9E400A6D59A /* ExtensionArray.swift in Sources */,
				78F2567A1A4167F40040AC63 /* LabelTableViewCell.swift in Sources */,
				831B32F71E56C9E400A6D59A /* Encoder.swift in Sources */,
				78B7A9D71A3E9876002AAF7F /* RWDevCon.xcdatamodeld in Sources */,
				78B7AA361A415C96002AAF7F /* PresenterTableViewCell.swift in Sources */,
				78B7AA2F1A414E58002AAF7F /* Person.swift in Sources */,
				78F256781A4162DA0040AC63 /* DetailTableViewCell.swift in Sources */,
				833F7EB31E842EDD00B256E4 /* GeneralMapViewController.swift in Sources */,
				78B7AA271A4147DC002AAF7F /* CoreDataStack.swift in Sources */,
				831B32FB1E56C9E400A6D59A /* Gloss.swift in Sources */,
				78CBC28B1A6537F200FC839A /* ScheduleTableViewController.swift in Sources */,
				831B32F61E56C9E400A6D59A /* Decoder.swift in Sources */,
				78048CBB1A66E04A00435241 /* RoomViewController.swift in Sources */,
				781EBAD51A5F7461009A7AA5 /* AboutViewController.swift in Sources */,
				78F256841A416BB20040AC63 /* ScheduleDataSource.swift in Sources */,
			);
			runOnlyForDeploymentPostprocessing = 0;
		};
/* End PBXSourcesBuildPhase section */

/* Begin PBXVariantGroup section */
		78B7A9DA1A3E9876002AAF7F /* Main.storyboard */ = {
			isa = PBXVariantGroup;
			children = (
				78B7A9DB1A3E9876002AAF7F /* Base */,
			);
			name = Main.storyboard;
			sourceTree = "<group>";
		};
		78B7A9DF1A3E9876002AAF7F /* LaunchScreen.xib */ = {
			isa = PBXVariantGroup;
			children = (
				78B7A9E01A3E9876002AAF7F /* Base */,
			);
			name = LaunchScreen.xib;
			sourceTree = "<group>";
		};
		7B7B884F1C3EA37100102F5E /* Interface.storyboard */ = {
			isa = PBXVariantGroup;
			children = (
				7B7B88501C3EA37100102F5E /* Base */,
			);
			name = Interface.storyboard;
			sourceTree = "<group>";
		};
/* End PBXVariantGroup section */

/* Begin XCBuildConfiguration section */
		78B7A9EE1A3E9876002AAF7F /* Debug */ = {
			isa = XCBuildConfiguration;
			buildSettings = {
				ALWAYS_SEARCH_USER_PATHS = NO;
				CLANG_CXX_LANGUAGE_STANDARD = "gnu++0x";
				CLANG_CXX_LIBRARY = "libc++";
				CLANG_ENABLE_MODULES = YES;
				CLANG_ENABLE_OBJC_ARC = YES;
				CLANG_WARN_BLOCK_CAPTURE_AUTORELEASING = YES;
				CLANG_WARN_BOOL_CONVERSION = YES;
				CLANG_WARN_COMMA = YES;
				CLANG_WARN_CONSTANT_CONVERSION = YES;
				CLANG_WARN_DIRECT_OBJC_ISA_USAGE = YES_ERROR;
				CLANG_WARN_EMPTY_BODY = YES;
				CLANG_WARN_ENUM_CONVERSION = YES;
				CLANG_WARN_INFINITE_RECURSION = YES;
				CLANG_WARN_INT_CONVERSION = YES;
				CLANG_WARN_NON_LITERAL_NULL_CONVERSION = YES;
				CLANG_WARN_OBJC_LITERAL_CONVERSION = YES;
				CLANG_WARN_OBJC_ROOT_CLASS = YES_ERROR;
				CLANG_WARN_RANGE_LOOP_ANALYSIS = YES;
				CLANG_WARN_STRICT_PROTOTYPES = YES;
				CLANG_WARN_SUSPICIOUS_MOVE = YES;
				CLANG_WARN_UNREACHABLE_CODE = YES;
				CLANG_WARN__DUPLICATE_METHOD_MATCH = YES;
				"CODE_SIGN_IDENTITY[sdk=iphoneos*]" = "iPhone Developer";
				COPY_PHASE_STRIP = NO;
				ENABLE_STRICT_OBJC_MSGSEND = YES;
				ENABLE_TESTABILITY = YES;
				GCC_C_LANGUAGE_STANDARD = gnu99;
				GCC_DYNAMIC_NO_PIC = NO;
				GCC_NO_COMMON_BLOCKS = YES;
				GCC_OPTIMIZATION_LEVEL = 0;
				GCC_PREPROCESSOR_DEFINITIONS = (
					"DEBUG=1",
					"$(inherited)",
				);
				GCC_SYMBOLS_PRIVATE_EXTERN = NO;
				GCC_WARN_64_TO_32_BIT_CONVERSION = YES;
				GCC_WARN_ABOUT_RETURN_TYPE = YES_ERROR;
				GCC_WARN_UNDECLARED_SELECTOR = YES;
				GCC_WARN_UNINITIALIZED_AUTOS = YES_AGGRESSIVE;
				GCC_WARN_UNUSED_FUNCTION = YES;
				GCC_WARN_UNUSED_VARIABLE = YES;
				IPHONEOS_DEPLOYMENT_TARGET = 12.0;
				MTL_ENABLE_DEBUG_INFO = YES;
				ONLY_ACTIVE_ARCH = YES;
				SDKROOT = iphoneos;
				SWIFT_OPTIMIZATION_LEVEL = "-Onone";
				TARGETED_DEVICE_FAMILY = "1,2";
			};
			name = Debug;
		};
		78B7A9EF1A3E9876002AAF7F /* Release */ = {
			isa = XCBuildConfiguration;
			buildSettings = {
				ALWAYS_SEARCH_USER_PATHS = NO;
				CLANG_CXX_LANGUAGE_STANDARD = "gnu++0x";
				CLANG_CXX_LIBRARY = "libc++";
				CLANG_ENABLE_MODULES = YES;
				CLANG_ENABLE_OBJC_ARC = YES;
				CLANG_WARN_BLOCK_CAPTURE_AUTORELEASING = YES;
				CLANG_WARN_BOOL_CONVERSION = YES;
				CLANG_WARN_COMMA = YES;
				CLANG_WARN_CONSTANT_CONVERSION = YES;
				CLANG_WARN_DIRECT_OBJC_ISA_USAGE = YES_ERROR;
				CLANG_WARN_EMPTY_BODY = YES;
				CLANG_WARN_ENUM_CONVERSION = YES;
				CLANG_WARN_INFINITE_RECURSION = YES;
				CLANG_WARN_INT_CONVERSION = YES;
				CLANG_WARN_NON_LITERAL_NULL_CONVERSION = YES;
				CLANG_WARN_OBJC_LITERAL_CONVERSION = YES;
				CLANG_WARN_OBJC_ROOT_CLASS = YES_ERROR;
				CLANG_WARN_RANGE_LOOP_ANALYSIS = YES;
				CLANG_WARN_STRICT_PROTOTYPES = YES;
				CLANG_WARN_SUSPICIOUS_MOVE = YES;
				CLANG_WARN_UNREACHABLE_CODE = YES;
				CLANG_WARN__DUPLICATE_METHOD_MATCH = YES;
				"CODE_SIGN_IDENTITY[sdk=iphoneos*]" = "iPhone Developer";
				COPY_PHASE_STRIP = YES;
				ENABLE_NS_ASSERTIONS = NO;
				ENABLE_STRICT_OBJC_MSGSEND = YES;
				GCC_C_LANGUAGE_STANDARD = gnu99;
				GCC_NO_COMMON_BLOCKS = YES;
				GCC_WARN_64_TO_32_BIT_CONVERSION = YES;
				GCC_WARN_ABOUT_RETURN_TYPE = YES_ERROR;
				GCC_WARN_UNDECLARED_SELECTOR = YES;
				GCC_WARN_UNINITIALIZED_AUTOS = YES_AGGRESSIVE;
				GCC_WARN_UNUSED_FUNCTION = YES;
				GCC_WARN_UNUSED_VARIABLE = YES;
				IPHONEOS_DEPLOYMENT_TARGET = 12.0;
				MTL_ENABLE_DEBUG_INFO = NO;
				SDKROOT = iphoneos;
				SWIFT_OPTIMIZATION_LEVEL = "-Owholemodule";
				TARGETED_DEVICE_FAMILY = "1,2";
				VALIDATE_PRODUCT = YES;
			};
			name = Release;
		};
		78B7A9F11A3E9876002AAF7F /* Debug */ = {
			isa = XCBuildConfiguration;
			buildSettings = {
				ALWAYS_EMBED_SWIFT_STANDARD_LIBRARIES = YES;
				ASSETCATALOG_COMPILER_APPICON_NAME = AppIcon;
				CODE_SIGN_IDENTITY = "iPhone Developer";
				"CODE_SIGN_IDENTITY[sdk=iphoneos*]" = "iPhone Developer";
				DEVELOPMENT_TEAM = "";
				INFOPLIST_FILE = RWDevCon/Info.plist;
				IPHONEOS_DEPLOYMENT_TARGET = 12.0;
				LD_RUNPATH_SEARCH_PATHS = "$(inherited) @executable_path/Frameworks";
				PRODUCT_BUNDLE_IDENTIFIER = com.razeware.RWDevCon;
				PRODUCT_NAME = "$(TARGET_NAME)";
				PROVISIONING_PROFILE = "";
				SWIFT_SWIFT3_OBJC_INFERENCE = Default;
				SWIFT_VERSION = 4.0;
			};
			name = Debug;
		};
		78B7A9F21A3E9876002AAF7F /* Release */ = {
			isa = XCBuildConfiguration;
			buildSettings = {
				ALWAYS_EMBED_SWIFT_STANDARD_LIBRARIES = YES;
				ASSETCATALOG_COMPILER_APPICON_NAME = AppIcon;
				CODE_SIGN_IDENTITY = "iPhone Developer";
				"CODE_SIGN_IDENTITY[sdk=iphoneos*]" = "iPhone Developer";
				DEVELOPMENT_TEAM = "";
				INFOPLIST_FILE = RWDevCon/Info.plist;
				IPHONEOS_DEPLOYMENT_TARGET = 12.0;
				LD_RUNPATH_SEARCH_PATHS = "$(inherited) @executable_path/Frameworks";
				PRODUCT_BUNDLE_IDENTIFIER = com.razeware.RWDevCon;
				PRODUCT_NAME = "$(TARGET_NAME)";
				PROVISIONING_PROFILE = "";
				SWIFT_SWIFT3_OBJC_INFERENCE = Default;
				SWIFT_VERSION = 4.0;
			};
			name = Release;
		};
/* End XCBuildConfiguration section */

/* Begin XCConfigurationList section */
		78B7A9C91A3E9876002AAF7F /* Build configuration list for PBXProject "RWDevCon" */ = {
			isa = XCConfigurationList;
			buildConfigurations = (
				78B7A9EE1A3E9876002AAF7F /* Debug */,
				78B7A9EF1A3E9876002AAF7F /* Release */,
			);
			defaultConfigurationIsVisible = 0;
			defaultConfigurationName = Release;
		};
		78B7A9F01A3E9876002AAF7F /* Build configuration list for PBXNativeTarget "RWDevCon" */ = {
			isa = XCConfigurationList;
			buildConfigurations = (
				78B7A9F11A3E9876002AAF7F /* Debug */,
				78B7A9F21A3E9876002AAF7F /* Release */,
			);
			defaultConfigurationIsVisible = 0;
			defaultConfigurationName = Release;
		};
/* End XCConfigurationList section */

/* Begin XCVersionGroup section */
		78B7A9D51A3E9876002AAF7F /* RWDevCon.xcdatamodeld */ = {
			isa = XCVersionGroup;
			children = (
				78B7A9D61A3E9876002AAF7F /* RWDevCon.xcdatamodel */,
			);
			currentVersion = 78B7A9D61A3E9876002AAF7F /* RWDevCon.xcdatamodel */;
			path = RWDevCon.xcdatamodeld;
			sourceTree = "<group>";
			versionGroupType = wrapper.xcdatamodel;
		};
/* End XCVersionGroup section */
	};
	rootObject = 78B7A9C61A3E9876002AAF7F /* Project object */;
}
