// !$*UTF8*$!
{
	archiveVersion = 1;
	classes = {
	};
	objectVersion = 46;
	objects = {

/* Begin PBXBuildFile section */
		A62793B71EB7B8D200058559 /* AppDelegate.swift in Sources */ = {isa = PBXBuildFile; fileRef = A62793B21EB7B8D200058559 /* AppDelegate.swift */; };
		A62793B81EB7B8D200058559 /* MotionView.swift in Sources */ = {isa = PBXBuildFile; fileRef = A62793B31EB7B8D200058559 /* MotionView.swift */; };
		A62793B91EB7B8D200058559 /* QuickTouchPanGestureRecognizer.swift in Sources */ = {isa = PBXBuildFile; fileRef = A62793B41EB7B8D200058559 /* QuickTouchPanGestureRecognizer.swift */; };
		A62793BA1EB7B8D200058559 /* TweetContent.swift in Sources */ = {isa = PBXBuildFile; fileRef = A62793B51EB7B8D200058559 /* TweetContent.swift */; };
		A62793BB1EB7B8D200058559 /* ViewController.swift in Sources */ = {isa = PBXBuildFile; fileRef = A62793B61EB7B8D200058559 /* ViewController.swift */; };
		A62793BD1EB7B8F000058559 /* Assets.xcassets in Resources */ = {isa = PBXBuildFile; fileRef = A62793BC1EB7B8F000058559 /* Assets.xcassets */; };
		A62793C21EB7B9B200058559 /* Main.storyboard in Resources */ = {isa = PBXBuildFile; fileRef = A62793BE1EB7B9B200058559 /* Main.storyboard */; };
		A62793C31EB7B9B200058559 /* LaunchScreen.storyboard in Resources */ = {isa = PBXBuildFile; fileRef = A62793C01EB7B9B200058559 /* LaunchScreen.storyboard */; };
		A6EFAE681FAE66A7006517F9 /* Ray.png in Resources */ = {isa = PBXBuildFile; fileRef = A6EFAE671FAE66A7006517F9 /* Ray.png */; };
		A6FDAEC61EB857F300B724BE /* background.png in Resources */ = {isa = PBXBuildFile; fileRef = A6FDAEC51EB857F300B724BE /* background.png */; };
/* End PBXBuildFile section */

/* Begin PBXFileReference section */
		A627939D1EB7B29200058559 /* Finding Ray.app */ = {isa = PBXFileReference; explicitFileType = wrapper.application; includeInIndex = 0; path = "Finding Ray.app"; sourceTree = BUILT_PRODUCTS_DIR; };
		A62793AC1EB7B29200058559 /* Info.plist */ = {isa = PBXFileReference; lastKnownFileType = text.plist.xml; path = Info.plist; sourceTree = "<group>"; };
		A62793B21EB7B8D200058559 /* AppDelegate.swift */ = {isa = PBXFileReference; fileEncoding = 4; lastKnownFileType = sourcecode.swift; path = AppDelegate.swift; sourceTree = "<group>"; };
		A62793B31EB7B8D200058559 /* MotionView.swift */ = {isa = PBXFileReference; fileEncoding = 4; lastKnownFileType = sourcecode.swift; path = MotionView.swift; sourceTree = "<group>"; };
		A62793B41EB7B8D200058559 /* QuickTouchPanGestureRecognizer.swift */ = {isa = PBXFileReference; fileEncoding = 4; lastKnownFileType = sourcecode.swift; path = QuickTouchPanGestureRecognizer.swift; sourceTree = "<group>"; };
		A62793B51EB7B8D200058559 /* TweetContent.swift */ = {isa = PBXFileReference; fileEncoding = 4; lastKnownFileType = sourcecode.swift; path = TweetContent.swift; sourceTree = "<group>"; };
		A62793B61EB7B8D200058559 /* ViewController.swift */ = {isa = PBXFileReference; fileEncoding = 4; lastKnownFileType = sourcecode.swift; path = ViewController.swift; sourceTree = "<group>"; };
		A62793BC1EB7B8F000058559 /* Assets.xcassets */ = {isa = PBXFileReference; lastKnownFileType = folder.assetcatalog; path = Assets.xcassets; sourceTree = "<group>"; };
		A62793BF1EB7B9B200058559 /* Base */ = {isa = PBXFileReference; lastKnownFileType = file.storyboard; name = Base; path = Base.lproj/Main.storyboard; sourceTree = "<group>"; };
		A62793C11EB7B9B200058559 /* Base */ = {isa = PBXFileReference; lastKnownFileType = file.storyboard; name = Base; path = Base.lproj/LaunchScreen.storyboard; sourceTree = "<group>"; };
		A6EFAE671FAE66A7006517F9 /* Ray.png */ = {isa = PBXFileReference; lastKnownFileType = image.png; path = Ray.png; sourceTree = "<group>"; };
		A6FDAEC51EB857F300B724BE /* background.png */ = {isa = PBXFileReference; lastKnownFileType = image.png; path = background.png; sourceTree = "<group>"; };
/* End PBXFileReference section */

/* Begin PBXFrameworksBuildPhase section */
		A627939A1EB7B29200058559 /* Frameworks */ = {
			isa = PBXFrameworksBuildPhase;
			buildActionMask = 2147483647;
			files = (
			);
			runOnlyForDeploymentPostprocessing = 0;
		};
/* End PBXFrameworksBuildPhase section */

/* Begin PBXGroup section */
		A62793941EB7B29200058559 = {
			isa = PBXGroup;
			children = (
				A627939F1EB7B29200058559 /* Finding Ray */,
				A627939E1EB7B29200058559 /* Products */,
			);
			indentWidth = 2;
			sourceTree = "<group>";
			tabWidth = 2;
		};
		A627939E1EB7B29200058559 /* Products */ = {
			isa = PBXGroup;
			children = (
				A627939D1EB7B29200058559 /* Finding Ray.app */,
			);
			name = Products;
			sourceTree = "<group>";
		};
		A627939F1EB7B29200058559 /* Finding Ray */ = {
			isa = PBXGroup;
			children = (
				A62793BC1EB7B8F000058559 /* Assets.xcassets */,
				A6FDAEC51EB857F300B724BE /* background.png */,
				A62793B21EB7B8D200058559 /* AppDelegate.swift */,
				A62793B31EB7B8D200058559 /* MotionView.swift */,
				A62793BE1EB7B9B200058559 /* Main.storyboard */,
				A62793C01EB7B9B200058559 /* LaunchScreen.storyboard */,
				A62793B41EB7B8D200058559 /* QuickTouchPanGestureRecognizer.swift */,
				A62793B51EB7B8D200058559 /* TweetContent.swift */,
				A62793B61EB7B8D200058559 /* ViewController.swift */,
				A6EFAE671FAE66A7006517F9 /* Ray.png */,
				A62793AC1EB7B29200058559 /* Info.plist */,
			);
			path = "Finding Ray";
			sourceTree = "<group>";
		};
/* End PBXGroup section */

/* Begin PBXNativeTarget section */
		A627939C1EB7B29200058559 /* Finding Ray */ = {
			isa = PBXNativeTarget;
			buildConfigurationList = A62793AF1EB7B29200058559 /* Build configuration list for PBXNativeTarget "Finding Ray" */;
			buildPhases = (
				A62793991EB7B29200058559 /* Sources */,
				A627939A1EB7B29200058559 /* Frameworks */,
				A627939B1EB7B29200058559 /* Resources */,
			);
			buildRules = (
			);
			dependencies = (
			);
			name = "Finding Ray";
			productName = "Finding Ray";
			productReference = A627939D1EB7B29200058559 /* Finding Ray.app */;
			productType = "com.apple.product-type.application";
		};
/* End PBXNativeTarget section */

/* Begin PBXProject section */
		A62793951EB7B29200058559 /* Project object */ = {
			isa = PBXProject;
			attributes = {
				LastSwiftUpdateCheck = 0830;
				LastUpgradeCheck = 1000;
				ORGANIZATIONNAME = razeware;
				TargetAttributes = {
					A627939C1EB7B29200058559 = {
						CreatedOnToolsVersion = 8.3.2;
						LastSwiftMigration = 1000;
						ProvisioningStyle = Automatic;
					};
				};
			};
			buildConfigurationList = A62793981EB7B29200058559 /* Build configuration list for PBXProject "Finding Ray" */;
			compatibilityVersion = "Xcode 3.2";
			developmentRegion = English;
			hasScannedForEncodings = 0;
			knownRegions = (
				en,
				Base,
			);
			mainGroup = A62793941EB7B29200058559;
			productRefGroup = A627939E1EB7B29200058559 /* Products */;
			projectDirPath = "";
			projectRoot = "";
			targets = (
				A627939C1EB7B29200058559 /* Finding Ray */,
			);
		};
/* End PBXProject section */

/* Begin PBXResourcesBuildPhase section */
		A627939B1EB7B29200058559 /* Resources */ = {
			isa = PBXResourcesBuildPhase;
			buildActionMask = 2147483647;
			files = (
				A6FDAEC61EB857F300B724BE /* background.png in Resources */,
				A62793C31EB7B9B200058559 /* LaunchScreen.storyboard in Resources */,
				A62793BD1EB7B8F000058559 /* Assets.xcassets in Resources */,
				A6EFAE681FAE66A7006517F9 /* Ray.png in Resources */,
				A62793C21EB7B9B200058559 /* Main.storyboard in Resources */,
			);
			runOnlyForDeploymentPostprocessing = 0;
		};
/* End PBXResourcesBuildPhase section */

/* Begin PBXSourcesBuildPhase section */
		A62793991EB7B29200058559 /* Sources */ = {
			isa = PBXSourcesBuildPhase;
			buildActionMask = 2147483647;
			files = (
				A62793BB1EB7B8D200058559 /* ViewController.swift in Sources */,
				A62793B81EB7B8D200058559 /* MotionView.swift in Sources */,
				A62793BA1EB7B8D200058559 /* TweetContent.swift in Sources */,
				A62793B71EB7B8D200058559 /* AppDelegate.swift in Sources */,
				A62793B91EB7B8D200058559 /* QuickTouchPanGestureRecognizer.swift in Sources */,
			);
			runOnlyForDeploymentPostprocessing = 0;
		};
/* End PBXSourcesBuildPhase section */

/* Begin PBXVariantGroup section */
		A62793BE1EB7B9B200058559 /* Main.storyboard */ = {
			isa = PBXVariantGroup;
			children = (
				A62793BF1EB7B9B200058559 /* Base */,
			);
			name = Main.storyboard;
			sourceTree = "<group>";
		};
		A62793C01EB7B9B200058559 /* LaunchScreen.storyboard */ = {
			isa = PBXVariantGroup;
			children = (
				A62793C11EB7B9B200058559 /* Base */,
			);
			name = LaunchScreen.storyboard;
			sourceTree = "<group>";
		};
/* End PBXVariantGroup section */

/* Begin XCBuildConfiguration section */
		A62793AD1EB7B29200058559 /* Debug */ = {
			isa = XCBuildConfiguration;
			buildSettings = {
				ALWAYS_SEARCH_USER_PATHS = NO;
				CLANG_ANALYZER_NONNULL = YES;
				CLANG_ANALYZER_NUMBER_OBJECT_CONVERSION = YES_AGGRESSIVE;
				CLANG_CXX_LANGUAGE_STANDARD = "gnu++0x";
				CLANG_CXX_LIBRARY = "libc++";
				CLANG_ENABLE_MODULES = YES;
				CLANG_ENABLE_OBJC_ARC = YES;
				CLANG_WARN_BLOCK_CAPTURE_AUTORELEASING = YES;
				CLANG_WARN_BOOL_CONVERSION = YES;
				CLANG_WARN_COMMA = YES;
				CLANG_WARN_CONSTANT_CONVERSION = YES;
				CLANG_WARN_DEPRECATED_OBJC_IMPLEMENTATIONS = YES;
				CLANG_WARN_DIRECT_OBJC_ISA_USAGE = YES_ERROR;
				CLANG_WARN_DOCUMENTATION_COMMENTS = YES;
				CLANG_WARN_EMPTY_BODY = YES;
				CLANG_WARN_ENUM_CONVERSION = YES;
				CLANG_WARN_INFINITE_RECURSION = YES;
				CLANG_WARN_INT_CONVERSION = YES;
				CLANG_WARN_NON_LITERAL_NULL_CONVERSION = YES;
				CLANG_WARN_OBJC_IMPLICIT_RETAIN_SELF = YES;
				CLANG_WARN_OBJC_LITERAL_CONVERSION = YES;
				CLANG_WARN_OBJC_ROOT_CLASS = YES_ERROR;
				CLANG_WARN_RANGE_LOOP_ANALYSIS = YES;
				CLANG_WARN_STRICT_PROTOTYPES = YES;
				CLANG_WARN_SUSPICIOUS_MOVE = YES;
				CLANG_WARN_UNREACHABLE_CODE = YES;
				CLANG_WARN__DUPLICATE_METHOD_MATCH = YES;
				"CODE_SIGN_IDENTITY[sdk=iphoneos*]" = "iPhone Developer";
				COPY_PHASE_STRIP = NO;
				DEBUG_INFORMATION_FORMAT = dwarf;
				ENABLE_STRICT_OBJC_MSGSEND = YES;
				ENABLE_TESTABILITY = YES;
				GCC_C_LANGUAGE_STANDARD = gnu99;
				GCC_DYNAMIC_NO_PIC = NO;
				GCC_NO_COMMON_BLOCKS = YES;
				GCC_OPTIMIZATION_LEVEL = 0;
				GCC_PREPROCESSOR_DEFINITIONS = (
					"DEBUG=1",
					"$(inherited)",
				);
				GCC_WARN_64_TO_32_BIT_CONVERSION = YES;
				GCC_WARN_ABOUT_RETURN_TYPE = YES_ERROR;
				GCC_WARN_UNDECLARED_SELECTOR = YES;
				GCC_WARN_UNINITIALIZED_AUTOS = YES_AGGRESSIVE;
				GCC_WARN_UNUSED_FUNCTION = YES;
				GCC_WARN_UNUSED_VARIABLE = YES;
				IPHONEOS_DEPLOYMENT_TARGET = 12.0;
				MTL_ENABLE_DEBUG_INFO = YES;
				ONLY_ACTIVE_ARCH = YES;
				SDKROOT = iphoneos;
				SWIFT_ACTIVE_COMPILATION_CONDITIONS = DEBUG;
				SWIFT_OPTIMIZATION_LEVEL = "-Onone";
				TARGETED_DEVICE_FAMILY = "1,2";
			};
			name = Debug;
		};
		A62793AE1EB7B29200058559 /* Release */ = {
			isa = XCBuildConfiguration;
			buildSettings = {
				ALWAYS_SEARCH_USER_PATHS = NO;
				CLANG_ANALYZER_NONNULL = YES;
				CLANG_ANALYZER_NUMBER_OBJECT_CONVERSION = YES_AGGRESSIVE;
				CLANG_CXX_LANGUAGE_STANDARD = "gnu++0x";
				CLANG_CXX_LIBRARY = "libc++";
				CLANG_ENABLE_MODULES = YES;
				CLANG_ENABLE_OBJC_ARC = YES;
				CLANG_WARN_BLOCK_CAPTURE_AUTORELEASING = YES;
				CLANG_WARN_BOOL_CONVERSION = YES;
				CLANG_WARN_COMMA = YES;
				CLANG_WARN_CONSTANT_CONVERSION = YES;
				CLANG_WARN_DEPRECATED_OBJC_IMPLEMENTATIONS = YES;
				CLANG_WARN_DIRECT_OBJC_ISA_USAGE = YES_ERROR;
				CLANG_WARN_DOCUMENTATION_COMMENTS = YES;
				CLANG_WARN_EMPTY_BODY = YES;
				CLANG_WARN_ENUM_CONVERSION = YES;
				CLANG_WARN_INFINITE_RECURSION = YES;
				CLANG_WARN_INT_CONVERSION = YES;
				CLANG_WARN_NON_LITERAL_NULL_CONVERSION = YES;
				CLANG_WARN_OBJC_IMPLICIT_RETAIN_SELF = YES;
				CLANG_WARN_OBJC_LITERAL_CONVERSION = YES;
				CLANG_WARN_OBJC_ROOT_CLASS = YES_ERROR;
				CLANG_WARN_RANGE_LOOP_ANALYSIS = YES;
				CLANG_WARN_STRICT_PROTOTYPES = YES;
				CLANG_WARN_SUSPICIOUS_MOVE = YES;
				CLANG_WARN_UNREACHABLE_CODE = YES;
				CLANG_WARN__DUPLICATE_METHOD_MATCH = YES;
				"CODE_SIGN_IDENTITY[sdk=iphoneos*]" = "iPhone Developer";
				COPY_PHASE_STRIP = NO;
				DEBUG_INFORMATION_FORMAT = "dwarf-with-dsym";
				ENABLE_NS_ASSERTIONS = NO;
				ENABLE_STRICT_OBJC_MSGSEND = YES;
				GCC_C_LANGUAGE_STANDARD = gnu99;
				GCC_NO_COMMON_BLOCKS = YES;
				GCC_WARN_64_TO_32_BIT_CONVERSION = YES;
				GCC_WARN_ABOUT_RETURN_TYPE = YES_ERROR;
				GCC_WARN_UNDECLARED_SELECTOR = YES;
				GCC_WARN_UNINITIALIZED_AUTOS = YES_AGGRESSIVE;
				GCC_WARN_UNUSED_FUNCTION = YES;
				GCC_WARN_UNUSED_VARIABLE = YES;
				IPHONEOS_DEPLOYMENT_TARGET = 12.0;
				MTL_ENABLE_DEBUG_INFO = NO;
				SDKROOT = iphoneos;
				SWIFT_OPTIMIZATION_LEVEL = "-Owholemodule";
				TARGETED_DEVICE_FAMILY = "1,2";
				VALIDATE_PRODUCT = YES;
			};
			name = Release;
		};
		A62793B01EB7B29200058559 /* Debug */ = {
			isa = XCBuildConfiguration;
			buildSettings = {
				ASSETCATALOG_COMPILER_APPICON_NAME = AppIcon;
				CLANG_ENABLE_MODULES = YES;
				INFOPLIST_FILE = "Finding Ray/Info.plist";
				IPHONEOS_DEPLOYMENT_TARGET = 12.0;
				LD_RUNPATH_SEARCH_PATHS = "$(inherited) @executable_path/Frameworks";
				PRODUCT_BUNDLE_IDENTIFIER = "com.razeware.Finding-Ray";
				PRODUCT_NAME = "$(TARGET_NAME)";
				SWIFT_OPTIMIZATION_LEVEL = "-Onone";
				SWIFT_VERSION = 4.2;
			};
			name = Debug;
		};
		A62793B11EB7B29200058559 /* Release */ = {
			isa = XCBuildConfiguration;
			buildSettings = {
				ASSETCATALOG_COMPILER_APPICON_NAME = AppIcon;
				CLANG_ENABLE_MODULES = YES;
				INFOPLIST_FILE = "Finding Ray/Info.plist";
				IPHONEOS_DEPLOYMENT_TARGET = 12.0;
				LD_RUNPATH_SEARCH_PATHS = "$(inherited) @executable_path/Frameworks";
				PRODUCT_BUNDLE_IDENTIFIER = "com.razeware.Finding-Ray";
				PRODUCT_NAME = "$(TARGET_NAME)";
				SWIFT_VERSION = 4.2;
			};
			name = Release;
		};
/* End XCBuildConfiguration section */

/* Begin XCConfigurationList section */
		A62793981EB7B29200058559 /* Build configuration list for PBXProject "Finding Ray" */ = {
			isa = XCConfigurationList;
			buildConfigurations = (
				A62793AD1EB7B29200058559 /* Debug */,
				A62793AE1EB7B29200058559 /* Release */,
			);
			defaultConfigurationIsVisible = 0;
			defaultConfigurationName = Release;
		};
		A62793AF1EB7B29200058559 /* Build configuration list for PBXNativeTarget "Finding Ray" */ = {
			isa = XCConfigurationList;
			buildConfigurations = (
				A62793B01EB7B29200058559 /* Debug */,
				A62793B11EB7B29200058559 /* Release */,
			);
			defaultConfigurationIsVisible = 0;
			defaultConfigurationName = Release;
		};
/* End XCConfigurationList section */
	};
	rootObject = A62793951EB7B29200058559 /* Project object */;
}
